
Microsoft Visual Studio Solution File, Format Version 12.00
# Visual Studio 15
VisualStudioVersion = 15.0.27004.2005
MinimumVisualStudioVersion = 10.0.40219.1
Project("{FAE04EC0-301F-11D3-BF4B-00C04F79EFBC}") = "PhotoManipulator.API", "PhotoManipulator.API\PhotoManipulator.API.csproj", "{E8B1EF38-0E43-4B78-B668-68FB650D1BA7}"
EndProject
Project("{FAE04EC0-301F-11D3-BF4B-00C04F79EFBC}") = "PhotoManipulator.BLL", "PhotoManipulator.BLL\PhotoManipulator.BLL.csproj", "{406CE8DB-A7DA-4C7D-BF88-467718A57CC2}"
EndProject
Project("{FAE04EC0-301F-11D3-BF4B-00C04F79EFBC}") = "PhotoManipulator.BLL.Test", "PhotoManipulator.BLL.Test\PhotoManipulator.BLL.Test.csproj", "{355A2360-FD1B-47F2-93D2-94D5E9E2CAA5}"
EndProject
Project("{FAE04EC0-301F-11D3-BF4B-00C04F79EFBC}") = "PhotoManipulator.Client", "PhotoManipulator.Client\PhotoManipulator.Client.csproj", "{41738E5E-2CCD-4B7F-8630-6F7E28FA7CB1}"
EndProject
Project("{FAE04EC0-301F-11D3-BF4B-00C04F79EFBC}") = "PhotoManipulator.ConsoleApp.BLLExample", "PhotoManipulator.ConsoleApp.BLLExample\PhotoManipulator.ConsoleApp.BLLExample.csproj", "{C17E7B31-8A1B-4A0C-8C3C-0481C394570E}"
EndProject
Global
	GlobalSection(SolutionConfigurationPlatforms) = preSolution
		Debug|Any CPU = Debug|Any CPU
		Release|Any CPU = Release|Any CPU
	EndGlobalSection
	GlobalSection(ProjectConfigurationPlatforms) = postSolution
		{E8B1EF38-0E43-4B78-B668-68FB650D1BA7}.Debug|Any CPU.ActiveCfg = Debug|Any CPU
		{E8B1EF38-0E43-4B78-B668-68FB650D1BA7}.Debug|Any CPU.Build.0 = Debug|Any CPU
		{E8B1EF38-0E43-4B78-B668-68FB650D1BA7}.Release|Any CPU.ActiveCfg = Release|Any CPU
		{E8B1EF38-0E43-4B78-B668-68FB650D1BA7}.Release|Any CPU.Build.0 = Release|Any CPU
		{406CE8DB-A7DA-4C7D-BF88-467718A57CC2}.Debug|Any CPU.ActiveCfg = Debug|Any CPU
		{406CE8DB-A7DA-4C7D-BF88-467718A57CC2}.Debug|Any CPU.Build.0 = Debug|Any CPU
		{406CE8DB-A7DA-4C7D-BF88-467718A57CC2}.Release|Any CPU.ActiveCfg = Release|Any CPU
		{406CE8DB-A7DA-4C7D-BF88-467718A57CC2}.Release|Any CPU.Build.0 = Release|Any CPU
		{355A2360-FD1B-47F2-93D2-94D5E9E2CAA5}.Debug|Any CPU.ActiveCfg = Debug|Any CPU
		{355A2360-FD1B-47F2-93D2-94D5E9E2CAA5}.Debug|Any CPU.Build.0 = Debug|Any CPU
		{355A2360-FD1B-47F2-93D2-94D5E9E2CAA5}.Release|Any CPU.ActiveCfg = Release|Any CPU
		{355A2360-FD1B-47F2-93D2-94D5E9E2CAA5}.Release|Any CPU.Build.0 = Release|Any CPU
		{41738E5E-2CCD-4B7F-8630-6F7E28FA7CB1}.Debug|Any CPU.ActiveCfg = Debug|Any CPU
		{41738E5E-2CCD-4B7F-8630-6F7E28FA7CB1}.Debug|Any CPU.Build.0 = Debug|Any CPU
		{41738E5E-2CCD-4B7F-8630-6F7E28FA7CB1}.Release|Any CPU.ActiveCfg = Release|Any CPU
		{41738E5E-2CCD-4B7F-8630-6F7E28FA7CB1}.Release|Any CPU.Build.0 = Release|Any CPU
		{C17E7B31-8A1B-4A0C-8C3C-0481C394570E}.Debug|Any CPU.ActiveCfg = Debug|Any CPU
		{C17E7B31-8A1B-4A0C-8C3C-0481C394570E}.Debug|Any CPU.Build.0 = Debug|Any CPU
		{C17E7B31-8A1B-4A0C-8C3C-0481C394570E}.Release|Any CPU.ActiveCfg = Release|Any CPU
		{C17E7B31-8A1B-4A0C-8C3C-0481C394570E}.Release|Any CPU.Build.0 = Release|Any CPU
	EndGlobalSection
	GlobalSection(SolutionProperties) = preSolution
		HideSolutionNode = FALSE
	EndGlobalSection
	GlobalSection(ExtensibilityGlobals) = postSolution
		SolutionGuid = {7D9F44E9-9DD3-499D-80E1-FD90AC35FFEE}
	EndGlobalSection
EndGlobal
